
Microsoft Visual Studio Solution File, Format Version 12.00
# Visual Studio Version 16
VisualStudioVersion = 16.0.31624.102
MinimumVisualStudioVersion = 10.0.40219.1
Project("{FAE04EC0-301F-11D3-BF4B-00C04F79EFBC}") = "Synkroniserings øvelse 2", "Synkroniserings øvelse 2\Synkroniserings øvelse 2.csproj", "{8DAF46D3-0403-4FDB-BEF0-B06008A004B2}"
EndProject
Global
	GlobalSection(SolutionConfigurationPlatforms) = preSolution
		Debug|Any CPU = Debug|Any CPU
		Release|Any CPU = Release|Any CPU
	EndGlobalSection
	GlobalSection(ProjectConfigurationPlatforms) = postSolution
		{8DAF46D3-0403-4FDB-BEF0-B06008A004B2}.Debug|Any CPU.ActiveCfg = Debug|Any CPU
		{8DAF46D3-0403-4FDB-BEF0-B06008A004B2}.Debug|Any CPU.Build.0 = Debug|Any CPU
		{8DAF46D3-0403-4FDB-BEF0-B06008A004B2}.Release|Any CPU.ActiveCfg = Release|Any CPU
		{8DAF46D3-0403-4FDB-BEF0-B06008A004B2}.Release|Any CPU.Build.0 = Release|Any CPU
	EndGlobalSection
	GlobalSection(SolutionProperties) = preSolution
		HideSolutionNode = FALSE
	EndGlobalSection
	GlobalSection(ExtensibilityGlobals) = postSolution
		SolutionGuid = {73679B5D-E240-4F34-9F45-8F39C4CE31D0}
	EndGlobalSection
EndGlobal
